
Microsoft Visual Studio Solution File, Format Version 12.00
# Visual Studio Version 16
VisualStudioVersion = 16.0.29806.167
MinimumVisualStudioVersion = 10.0.40219.1
Project("{2150E333-8FDC-42A3-9474-1A3956D46DE8}") = "part1", "part1", "{E2A7745A-4E1D-49AD-B7F2-995FF07DF84A}"
EndProject
Project("{9A19103F-16F7-4668-BE54-9A1E7A4F7556}") = "Calc", "Calc\Calc.csproj", "{DB6D7FC2-AFA0-4F11-AAD1-ECF87144A988}"
EndProject
Project("{9A19103F-16F7-4668-BE54-9A1E7A4F7556}") = "Calc.Tests", "Calc.Tests\Calc.Tests.csproj", "{36BAF509-3F15-4E34-9B04-CB94655A6AD2}"
EndProject
Project("{2150E333-8FDC-42A3-9474-1A3956D46DE8}") = "part2-password", "part2-password", "{17C5C65B-1BD4-46E9-A1FB-17F7C384CC11}"
EndProject
Project("{9A19103F-16F7-4668-BE54-9A1E7A4F7556}") = "UserRegistration", "UserRegistration\UserRegistration.csproj", "{DFE91443-9D88-4F11-A860-188500772B3D}"
EndProject
Project("{9A19103F-16F7-4668-BE54-9A1E7A4F7556}") = "UserRegistrationTests", "UserRegistrationTests\UserRegistrationTests.csproj", "{7082DD5B-C9C5-4310-94AC-CE31005C7241}"
EndProject
Project("{2150E333-8FDC-42A3-9474-1A3956D46DE8}") = "part3 - init attributes", "part3 - init attributes", "{25FD760C-6405-4047-939C-5020499DC0AE}"
EndProject
Project("{9A19103F-16F7-4668-BE54-9A1E7A4F7556}") = "ShopCarts", "ShopCarts\ShopCarts.csproj", "{FFB2C8C6-1541-4625-B97D-66204C9B66B8}"
EndProject
Project("{9A19103F-16F7-4668-BE54-9A1E7A4F7556}") = "ShopCartsTests", "ShopCartsTests\ShopCartsTests.csproj", "{8CBC93AD-DF87-4ABB-A3AD-9D1F4062036B}"
EndProject
Project("{2150E333-8FDC-42A3-9474-1A3956D46DE8}") = "part4 - assert samples", "part4 - assert samples", "{1C52F4FB-4A7F-446C-8087-8A5DC9FE476B}"
EndProject
Project("{FAE04EC0-301F-11D3-BF4B-00C04F79EFBC}") = "AssertSamples", "AssertSamples\AssertSamples.csproj", "{3A994DD8-DC00-4E30-A0FB-C8AB979BF48C}"
EndProject
Project("{FAE04EC0-301F-11D3-BF4B-00C04F79EFBC}") = "AssertSamples.Tests", "AssertSamples.Tests\AssertSamples.Tests.csproj", "{7CF9D204-BEB1-4AE0-A7C7-4E929E6B8EB7}"
EndProject
Global
	GlobalSection(SolutionConfigurationPlatforms) = preSolution
		Debug|Any CPU = Debug|Any CPU
		Release|Any CPU = Release|Any CPU
	EndGlobalSection
	GlobalSection(ProjectConfigurationPlatforms) = postSolution
		{DB6D7FC2-AFA0-4F11-AAD1-ECF87144A988}.Debug|Any CPU.ActiveCfg = Debug|Any CPU
		{DB6D7FC2-AFA0-4F11-AAD1-ECF87144A988}.Debug|Any CPU.Build.0 = Debug|Any CPU
		{DB6D7FC2-AFA0-4F11-AAD1-ECF87144A988}.Release|Any CPU.ActiveCfg = Release|Any CPU
		{DB6D7FC2-AFA0-4F11-AAD1-ECF87144A988}.Release|Any CPU.Build.0 = Release|Any CPU
		{36BAF509-3F15-4E34-9B04-CB94655A6AD2}.Debug|Any CPU.ActiveCfg = Debug|Any CPU
		{36BAF509-3F15-4E34-9B04-CB94655A6AD2}.Debug|Any CPU.Build.0 = Debug|Any CPU
		{36BAF509-3F15-4E34-9B04-CB94655A6AD2}.Release|Any CPU.ActiveCfg = Release|Any CPU
		{36BAF509-3F15-4E34-9B04-CB94655A6AD2}.Release|Any CPU.Build.0 = Release|Any CPU
		{DFE91443-9D88-4F11-A860-188500772B3D}.Debug|Any CPU.ActiveCfg = Debug|Any CPU
		{DFE91443-9D88-4F11-A860-188500772B3D}.Debug|Any CPU.Build.0 = Debug|Any CPU
		{DFE91443-9D88-4F11-A860-188500772B3D}.Release|Any CPU.ActiveCfg = Release|Any CPU
		{DFE91443-9D88-4F11-A860-188500772B3D}.Release|Any CPU.Build.0 = Release|Any CPU
		{7082DD5B-C9C5-4310-94AC-CE31005C7241}.Debug|Any CPU.ActiveCfg = Debug|Any CPU
		{7082DD5B-C9C5-4310-94AC-CE31005C7241}.Debug|Any CPU.Build.0 = Debug|Any CPU
		{7082DD5B-C9C5-4310-94AC-CE31005C7241}.Release|Any CPU.ActiveCfg = Release|Any CPU
		{7082DD5B-C9C5-4310-94AC-CE31005C7241}.Release|Any CPU.Build.0 = Release|Any CPU
		{FFB2C8C6-1541-4625-B97D-66204C9B66B8}.Debug|Any CPU.ActiveCfg = Debug|Any CPU
		{FFB2C8C6-1541-4625-B97D-66204C9B66B8}.Debug|Any CPU.Build.0 = Debug|Any CPU
		{FFB2C8C6-1541-4625-B97D-66204C9B66B8}.Release|Any CPU.ActiveCfg = Release|Any CPU
		{FFB2C8C6-1541-4625-B97D-66204C9B66B8}.Release|Any CPU.Build.0 = Release|Any CPU
		{8CBC93AD-DF87-4ABB-A3AD-9D1F4062036B}.Debug|Any CPU.ActiveCfg = Debug|Any CPU
		{8CBC93AD-DF87-4ABB-A3AD-9D1F4062036B}.Debug|Any CPU.Build.0 = Debug|Any CPU
		{8CBC93AD-DF87-4ABB-A3AD-9D1F4062036B}.Release|Any CPU.ActiveCfg = Release|Any CPU
		{8CBC93AD-DF87-4ABB-A3AD-9D1F4062036B}.Release|Any CPU.Build.0 = Release|Any CPU
		{3A994DD8-DC00-4E30-A0FB-C8AB979BF48C}.Debug|Any CPU.ActiveCfg = Debug|Any CPU
		{3A994DD8-DC00-4E30-A0FB-C8AB979BF48C}.Debug|Any CPU.Build.0 = Debug|Any CPU
		{3A994DD8-DC00-4E30-A0FB-C8AB979BF48C}.Release|Any CPU.ActiveCfg = Release|Any CPU
		{3A994DD8-DC00-4E30-A0FB-C8AB979BF48C}.Release|Any CPU.Build.0 = Release|Any CPU
		{7CF9D204-BEB1-4AE0-A7C7-4E929E6B8EB7}.Debug|Any CPU.ActiveCfg = Debug|Any CPU
		{7CF9D204-BEB1-4AE0-A7C7-4E929E6B8EB7}.Debug|Any CPU.Build.0 = Debug|Any CPU
		{7CF9D204-BEB1-4AE0-A7C7-4E929E6B8EB7}.Release|Any CPU.ActiveCfg = Release|Any CPU
		{7CF9D204-BEB1-4AE0-A7C7-4E929E6B8EB7}.Release|Any CPU.Build.0 = Release|Any CPU
	EndGlobalSection
	GlobalSection(SolutionProperties) = preSolution
		HideSolutionNode = FALSE
	EndGlobalSection
	GlobalSection(NestedProjects) = preSolution
		{DB6D7FC2-AFA0-4F11-AAD1-ECF87144A988} = {E2A7745A-4E1D-49AD-B7F2-995FF07DF84A}
		{36BAF509-3F15-4E34-9B04-CB94655A6AD2} = {E2A7745A-4E1D-49AD-B7F2-995FF07DF84A}
		{DFE91443-9D88-4F11-A860-188500772B3D} = {17C5C65B-1BD4-46E9-A1FB-17F7C384CC11}
		{7082DD5B-C9C5-4310-94AC-CE31005C7241} = {17C5C65B-1BD4-46E9-A1FB-17F7C384CC11}
		{FFB2C8C6-1541-4625-B97D-66204C9B66B8} = {25FD760C-6405-4047-939C-5020499DC0AE}
		{8CBC93AD-DF87-4ABB-A3AD-9D1F4062036B} = {25FD760C-6405-4047-939C-5020499DC0AE}
		{3A994DD8-DC00-4E30-A0FB-C8AB979BF48C} = {1C52F4FB-4A7F-446C-8087-8A5DC9FE476B}
		{7CF9D204-BEB1-4AE0-A7C7-4E929E6B8EB7} = {1C52F4FB-4A7F-446C-8087-8A5DC9FE476B}
	EndGlobalSection
	GlobalSection(ExtensibilityGlobals) = postSolution
		SolutionGuid = {DB6977C6-EFE3-473D-A857-75505AA03D6D}
	EndGlobalSection
EndGlobal
